
Microsoft Visual Studio Solution File, Format Version 12.00
# Visual Studio 14
VisualStudioVersion = 14.0.24720.0
MinimumVisualStudioVersion = 10.0.40219.1
Project("{F184B08F-C81C-45F6-A57F-5ABD9991F28F}") = "HospitalManagementSystem", "HospitalManagementSystem\HospitalManagementSystem.vbproj", "{D3292621-3BA2-49CA-8193-D8FE11365F3A}"
EndProject
Project("{54435603-DBB4-11D2-8724-00A0C9A8B90C}") = "SetupHospitalMS", "SetupHospitalMS\SetupHospitalMS.vdproj", "{9EEF9963-DB73-4AAE-95F4-74F1404B72EC}"
EndProject
Global
	GlobalSection(SolutionConfigurationPlatforms) = preSolution
		Debug|Any CPU = Debug|Any CPU
		Release|Any CPU = Release|Any CPU
	EndGlobalSection
	GlobalSection(ProjectConfigurationPlatforms) = postSolution
		{D3292621-3BA2-49CA-8193-D8FE11365F3A}.Debug|Any CPU.ActiveCfg = Debug|Any CPU
		{D3292621-3BA2-49CA-8193-D8FE11365F3A}.Debug|Any CPU.Build.0 = Debug|Any CPU
		{D3292621-3BA2-49CA-8193-D8FE11365F3A}.Release|Any CPU.ActiveCfg = Release|Any CPU
		{D3292621-3BA2-49CA-8193-D8FE11365F3A}.Release|Any CPU.Build.0 = Release|Any CPU
		{9EEF9963-DB73-4AAE-95F4-74F1404B72EC}.Debug|Any CPU.ActiveCfg = Debug
		{9EEF9963-DB73-4AAE-95F4-74F1404B72EC}.Release|Any CPU.ActiveCfg = Release
	EndGlobalSection
	GlobalSection(SolutionProperties) = preSolution
		HideSolutionNode = FALSE
	EndGlobalSection
EndGlobal
